# This file is @generated by PDM.
# It is not intended for manual editing.

[metadata]
groups = ["default"]
strategy = ["inherit_metadata"]
lock_version = "4.5.0"
content_hash = "sha256:5fd912d684cf68606d4da96b5ccbe0ab7cb6cd46f70f78da77ae465cf4337c56"

[[metadata.targets]]
requires_python = ">=3.11"

[[package]]
name = "pkg-settings"
version = "0.1.0"
requires_python = ">=3.11"
path = "../pkg-settings"
summary = "Default template for PDM package"
groups = ["default"]
